
Microsoft Visual Studio Solution File, Format Version 12.00
# Visual Studio Version 17
VisualStudioVersion = 17.1.31911.260
MinimumVisualStudioVersion = 10.0.40219.1
Project("{FAE04EC0-301F-11D3-BF4B-00C04F79EFBC}") = "TwilioTests.API", "TwilioCallsAPI\TwilioTests.API.csproj", "{5E0B5A29-6EA0-4BCF-B1BA-122D44F6A0CC}"
EndProject
Global
	GlobalSection(SolutionConfigurationPlatforms) = preSolution
		Debug|Any CPU = Debug|Any CPU
		Release|Any CPU = Release|Any CPU
	EndGlobalSection
	GlobalSection(ProjectConfigurationPlatforms) = postSolution
		{5E0B5A29-6EA0-4BCF-B1BA-122D44F6A0CC}.Debug|Any CPU.ActiveCfg = Debug|Any CPU
		{5E0B5A29-6EA0-4BCF-B1BA-122D44F6A0CC}.Debug|Any CPU.Build.0 = Debug|Any CPU
		{5E0B5A29-6EA0-4BCF-B1BA-122D44F6A0CC}.Release|Any CPU.ActiveCfg = Release|Any CPU
		{5E0B5A29-6EA0-4BCF-B1BA-122D44F6A0CC}.Release|Any CPU.Build.0 = Release|Any CPU
	EndGlobalSection
	GlobalSection(SolutionProperties) = preSolution
		HideSolutionNode = FALSE
	EndGlobalSection
	GlobalSection(ExtensibilityGlobals) = postSolution
		SolutionGuid = {798FBC7D-E4F8-4DA8-B323-D50F742EA88A}
	EndGlobalSection
EndGlobal
